// !$*UTF8*$!
{
	archiveVersion = 1;
	classes = {
	};
	objectVersion = 56;
	objects = {

/* Begin PBXBuildFile section */
		8283E6B62A8782F800550B3E /* SnappFoodIntroApp.swift in Sources */ = {isa = PBXBuildFile; fileRef = 8283E6B52A8782F800550B3E /* SnappFoodIntroApp.swift */; };
		8283E6B82A8782F800550B3E /* ContentView.swift in Sources */ = {isa = PBXBuildFile; fileRef = 8283E6B72A8782F800550B3E /* ContentView.swift */; };
		8283E6BA2A8782FE00550B3E /* Assets.xcassets in Resources */ = {isa = PBXBuildFile; fileRef = 8283E6B92A8782FE00550B3E /* Assets.xcassets */; };
		8283E6BD2A8782FE00550B3E /* Preview Assets.xcassets in Resources */ = {isa = PBXBuildFile; fileRef = 8283E6BC2A8782FE00550B3E /* Preview Assets.xcassets */; };
		8283E6C72A8782FE00550B3E /* SnappFoodIntroTests.swift in Sources */ = {isa = PBXBuildFile; fileRef = 8283E6C62A8782FE00550B3E /* SnappFoodIntroTests.swift */; };
		8283E6D12A8782FE00550B3E /* SnappFoodIntroUITests.swift in Sources */ = {isa = PBXBuildFile; fileRef = 8283E6D02A8782FE00550B3E /* SnappFoodIntroUITests.swift */; };
		8283E6D32A8782FE00550B3E /* SnappFoodIntroUITestsLaunchTests.swift in Sources */ = {isa = PBXBuildFile; fileRef = 8283E6D22A8782FE00550B3E /* SnappFoodIntroUITestsLaunchTests.swift */; };
/* End PBXBuildFile section */

/* Begin PBXContainerItemProxy section */
		8283E6C32A8782FE00550B3E /* PBXContainerItemProxy */ = {
			isa = PBXContainerItemProxy;
			containerPortal = 8283E6AA2A8782F800550B3E /* Project object */;
			proxyType = 1;
			remoteGlobalIDString = 8283E6B12A8782F800550B3E;
			remoteInfo = SnappFoodIntro;
		};
		8283E6CD2A8782FE00550B3E /* PBXContainerItemProxy */ = {
			isa = PBXContainerItemProxy;
			containerPortal = 8283E6AA2A8782F800550B3E /* Project object */;
			proxyType = 1;
			remoteGlobalIDString = 8283E6B12A8782F800550B3E;
			remoteInfo = SnappFoodIntro;
		};
/* End PBXContainerItemProxy section */

/* Begin PBXFileReference section */
		8283E6B22A8782F800550B3E /* SnappFoodIntro.app */ = {isa = PBXFileReference; explicitFileType = wrapper.application; includeInIndex = 0; path = SnappFoodIntro.app; sourceTree = BUILT_PRODUCTS_DIR; };
		8283E6B52A8782F800550B3E /* SnappFoodIntroApp.swift */ = {isa = PBXFileReference; lastKnownFileType = sourcecode.swift; path = SnappFoodIntroApp.swift; sourceTree = "<group>"; };
		8283E6B72A8782F800550B3E /* ContentView.swift */ = {isa = PBXFileReference; lastKnownFileType = sourcecode.swift; path = ContentView.swift; sourceTree = "<group>"; };
		8283E6B92A8782FE00550B3E /* Assets.xcassets */ = {isa = PBXFileReference; lastKnownFileType = folder.assetcatalog; path = Assets.xcassets; sourceTree = "<group>"; };
		8283E6BC2A8782FE00550B3E /* Preview Assets.xcassets */ = {isa = PBXFileReference; lastKnownFileType = folder.assetcatalog; path = "Preview Assets.xcassets"; sourceTree = "<group>"; };
		8283E6C22A8782FE00550B3E /* SnappFoodIntroTests.xctest */ = {isa = PBXFileReference; explicitFileType = wrapper.cfbundle; includeInIndex = 0; path = SnappFoodIntroTests.xctest; sourceTree = BUILT_PRODUCTS_DIR; };
		8283E6C62A8782FE00550B3E /* SnappFoodIntroTests.swift */ = {isa = PBXFileReference; lastKnownFileType = sourcecode.swift; path = SnappFoodIntroTests.swift; sourceTree = "<group>"; };
		8283E6CC2A8782FE00550B3E /* SnappFoodIntroUITests.xctest */ = {isa = PBXFileReference; explicitFileType = wrapper.cfbundle; includeInIndex = 0; path = SnappFoodIntroUITests.xctest; sourceTree = BUILT_PRODUCTS_DIR; };
		8283E6D02A8782FE00550B3E /* SnappFoodIntroUITests.swift */ = {isa = PBXFileReference; lastKnownFileType = sourcecode.swift; path = SnappFoodIntroUITests.swift; sourceTree = "<group>"; };
		8283E6D22A8782FE00550B3E /* SnappFoodIntroUITestsLaunchTests.swift */ = {isa = PBXFileReference; lastKnownFileType = sourcecode.swift; path = SnappFoodIntroUITestsLaunchTests.swift; sourceTree = "<group>"; };
/* End PBXFileReference section */

/* Begin PBXFrameworksBuildPhase section */
		8283E6AF2A8782F800550B3E /* Frameworks */ = {
			isa = PBXFrameworksBuildPhase;
			buildActionMask = 2147483647;
			files = (
			);
			runOnlyForDeploymentPostprocessing = 0;
		};
		8283E6BF2A8782FE00550B3E /* Frameworks */ = {
			isa = PBXFrameworksBuildPhase;
			buildActionMask = 2147483647;
			files = (
			);
			runOnlyForDeploymentPostprocessing = 0;
		};
		8283E6C92A8782FE00550B3E /* Frameworks */ = {
			isa = PBXFrameworksBuildPhase;
			buildActionMask = 2147483647;
			files = (
			);
			runOnlyForDeploymentPostprocessing = 0;
		};
/* End PBXFrameworksBuildPhase section */

/* Begin PBXGroup section */
		8283E6A92A8782F800550B3E = {
			isa = PBXGroup;
			children = (
				8283E6B42A8782F800550B3E /* SnappFoodIntro */,
				8283E6C52A8782FE00550B3E /* SnappFoodIntroTests */,
				8283E6CF2A8782FE00550B3E /* SnappFoodIntroUITests */,
				8283E6B32A8782F800550B3E /* Products */,
			);
			sourceTree = "<group>";
		};
		8283E6B32A8782F800550B3E /* Products */ = {
			isa = PBXGroup;
			children = (
				8283E6B22A8782F800550B3E /* SnappFoodIntro.app */,
				8283E6C22A8782FE00550B3E /* SnappFoodIntroTests.xctest */,
				8283E6CC2A8782FE00550B3E /* SnappFoodIntroUITests.xctest */,
			);
			name = Products;
			sourceTree = "<group>";
		};
		8283E6B42A8782F800550B3E /* SnappFoodIntro */ = {
			isa = PBXGroup;
			children = (
				8283E6B52A8782F800550B3E /* SnappFoodIntroApp.swift */,
				8283E6B72A8782F800550B3E /* ContentView.swift */,
				8283E6B92A8782FE00550B3E /* Assets.xcassets */,
				8283E6BB2A8782FE00550B3E /* Preview Content */,
			);
			path = SnappFoodIntro;
			sourceTree = "<group>";
		};
		8283E6BB2A8782FE00550B3E /* Preview Content */ = {
			isa = PBXGroup;
			children = (
				8283E6BC2A8782FE00550B3E /* Preview Assets.xcassets */,
			);
			path = "Preview Content";
			sourceTree = "<group>";
		};
		8283E6C52A8782FE00550B3E /* SnappFoodIntroTests */ = {
			isa = PBXGroup;
			children = (
				8283E6C62A8782FE00550B3E /* SnappFoodIntroTests.swift */,
			);
			path = SnappFoodIntroTests;
			sourceTree = "<group>";
		};
		8283E6CF2A8782FE00550B3E /* SnappFoodIntroUITests */ = {
			isa = PBXGroup;
			children = (
				8283E6D02A8782FE00550B3E /* SnappFoodIntroUITests.swift */,
				8283E6D22A8782FE00550B3E /* SnappFoodIntroUITestsLaunchTests.swift */,
			);
			path = SnappFoodIntroUITests;
			sourceTree = "<group>";
		};
/* End PBXGroup section */

/* Begin PBXNativeTarget section */
		8283E6B12A8782F800550B3E /* SnappFoodIntro */ = {
			isa = PBXNativeTarget;
			buildConfigurationList = 8283E6D62A8782FE00550B3E /* Build configuration list for PBXNativeTarget "SnappFoodIntro" */;
			buildPhases = (
				8283E6AE2A8782F800550B3E /* Sources */,
				8283E6AF2A8782F800550B3E /* Frameworks */,
				8283E6B02A8782F800550B3E /* Resources */,
			);
			buildRules = (
			);
			dependencies = (
			);
			name = SnappFoodIntro;
			productName = SnappFoodIntro;
			productReference = 8283E6B22A8782F800550B3E /* SnappFoodIntro.app */;
			productType = "com.apple.product-type.application";
		};
		8283E6C12A8782FE00550B3E /* SnappFoodIntroTests */ = {
			isa = PBXNativeTarget;
			buildConfigurationList = 8283E6D92A8782FE00550B3E /* Build configuration list for PBXNativeTarget "SnappFoodIntroTests" */;
			buildPhases = (
				8283E6BE2A8782FE00550B3E /* Sources */,
				8283E6BF2A8782FE00550B3E /* Frameworks */,
				8283E6C02A8782FE00550B3E /* Resources */,
			);
			buildRules = (
			);
			dependencies = (
				8283E6C42A8782FE00550B3E /* PBXTargetDependency */,
			);
			name = SnappFoodIntroTests;
			productName = SnappFoodIntroTests;
			productReference = 8283E6C22A8782FE00550B3E /* SnappFoodIntroTests.xctest */;
			productType = "com.apple.product-type.bundle.unit-test";
		};
		8283E6CB2A8782FE00550B3E /* SnappFoodIntroUITests */ = {
			isa = PBXNativeTarget;
			buildConfigurationList = 8283E6DC2A8782FE00550B3E /* Build configuration list for PBXNativeTarget "SnappFoodIntroUITests" */;
			buildPhases = (
				8283E6C82A8782FE00550B3E /* Sources */,
				8283E6C92A8782FE00550B3E /* Frameworks */,
				8283E6CA2A8782FE00550B3E /* Resources */,
			);
			buildRules = (
			);
			dependencies = (
				8283E6CE2A8782FE00550B3E /* PBXTargetDependency */,
			);
			name = SnappFoodIntroUITests;
			productName = SnappFoodIntroUITests;
			productReference = 8283E6CC2A8782FE00550B3E /* SnappFoodIntroUITests.xctest */;
			productType = "com.apple.product-type.bundle.ui-testing";
		};
/* End PBXNativeTarget section */

/* Begin PBXProject section */
		8283E6AA2A8782F800550B3E /* Project object */ = {
			isa = PBXProject;
			attributes = {
				BuildIndependentTargetsInParallel = 1;
				LastSwiftUpdateCheck = 1430;
				LastUpgradeCheck = 1430;
				TargetAttributes = {
					8283E6B12A8782F800550B3E = {
						CreatedOnToolsVersion = 14.3;
					};
					8283E6C12A8782FE00550B3E = {
						CreatedOnToolsVersion = 14.3;
						TestTargetID = 8283E6B12A8782F800550B3E;
					};
					8283E6CB2A8782FE00550B3E = {
						CreatedOnToolsVersion = 14.3;
						TestTargetID = 8283E6B12A8782F800550B3E;
					};
				};
			};
			buildConfigurationList = 8283E6AD2A8782F800550B3E /* Build configuration list for PBXProject "SnappFoodIntro" */;
			compatibilityVersion = "Xcode 14.0";
			developmentRegion = en;
			hasScannedForEncodings = 0;
			knownRegions = (
				en,
				Base,
			);
			mainGroup = 8283E6A92A8782F800550B3E;
			productRefGroup = 8283E6B32A8782F800550B3E /* Products */;
			projectDirPath = "";
			projectRoot = "";
			targets = (
				8283E6B12A8782F800550B3E /* SnappFoodIntro */,
				8283E6C12A8782FE00550B3E /* SnappFoodIntroTests */,
				8283E6CB2A8782FE00550B3E /* SnappFoodIntroUITests */,
			);
		};
/* End PBXProject section */

/* Begin PBXResourcesBuildPhase section */
		8283E6B02A8782F800550B3E /* Resources */ = {
			isa = PBXResourcesBuildPhase;
			buildActionMask = 2147483647;
			files = (
				8283E6BD2A8782FE00550B3E /* Preview Assets.xcassets in Resources */,
				8283E6BA2A8782FE00550B3E /* Assets.xcassets in Resources */,
			);
			runOnlyForDeploymentPostprocessing = 0;
		};
		8283E6C02A8782FE00550B3E /* Resources */ = {
			isa = PBXResourcesBuildPhase;
			buildActionMask = 2147483647;
			files = (
			);
			runOnlyForDeploymentPostprocessing = 0;
		};
		8283E6CA2A8782FE00550B3E /* Resources */ = {
			isa = PBXResourcesBuildPhase;
			buildActionMask = 2147483647;
			files = (
			);
			runOnlyForDeploymentPostprocessing = 0;
		};
/* End PBXResourcesBuildPhase section */

/* Begin PBXSourcesBuildPhase section */
		8283E6AE2A8782F800550B3E /* Sources */ = {
			isa = PBXSourcesBuildPhase;
			buildActionMask = 2147483647;
			files = (
				8283E6B82A8782F800550B3E /* ContentView.swift in Sources */,
				8283E6B62A8782F800550B3E /* SnappFoodIntroApp.swift in Sources */,
			);
			runOnlyForDeploymentPostprocessing = 0;
		};
		8283E6BE2A8782FE00550B3E /* Sources */ = {
			isa = PBXSourcesBuildPhase;
			buildActionMask = 2147483647;
			files = (
				8283E6C72A8782FE00550B3E /* SnappFoodIntroTests.swift in Sources */,
			);
			runOnlyForDeploymentPostprocessing = 0;
		};
		8283E6C82A8782FE00550B3E /* Sources */ = {
			isa = PBXSourcesBuildPhase;
			buildActionMask = 2147483647;
			files = (
				8283E6D32A8782FE00550B3E /* SnappFoodIntroUITestsLaunchTests.swift in Sources */,
				8283E6D12A8782FE00550B3E /* SnappFoodIntroUITests.swift in Sources */,
			);
			runOnlyForDeploymentPostprocessing = 0;
		};
/* End PBXSourcesBuildPhase section */

/* Begin PBXTargetDependency section */
		8283E6C42A8782FE00550B3E /* PBXTargetDependency */ = {
			isa = PBXTargetDependency;
			target = 8283E6B12A8782F800550B3E /* SnappFoodIntro */;
			targetProxy = 8283E6C32A8782FE00550B3E /* PBXContainerItemProxy */;
		};
		8283E6CE2A8782FE00550B3E /* PBXTargetDependency */ = {
			isa = PBXTargetDependency;
			target = 8283E6B12A8782F800550B3E /* SnappFoodIntro */;
			targetProxy = 8283E6CD2A8782FE00550B3E /* PBXContainerItemProxy */;
		};
/* End PBXTargetDependency section */

/* Begin XCBuildConfiguration section */
		8283E6D42A8782FE00550B3E /* Debug */ = {
			isa = XCBuildConfiguration;
			buildSettings = {
				ALWAYS_SEARCH_USER_PATHS = NO;
				CLANG_ANALYZER_NONNULL = YES;
				CLANG_ANALYZER_NUMBER_OBJECT_CONVERSION = YES_AGGRESSIVE;
				CLANG_CXX_LANGUAGE_STANDARD = "gnu++20";
				CLANG_ENABLE_MODULES = YES;
				CLANG_ENABLE_OBJC_ARC = YES;
				CLANG_ENABLE_OBJC_WEAK = YES;
				CLANG_WARN_BLOCK_CAPTURE_AUTORELEASING = YES;
				CLANG_WARN_BOOL_CONVERSION = YES;
				CLANG_WARN_COMMA = YES;
				CLANG_WARN_CONSTANT_CONVERSION = YES;
				CLANG_WARN_DEPRECATED_OBJC_IMPLEMENTATIONS = YES;
				CLANG_WARN_DIRECT_OBJC_ISA_USAGE = YES_ERROR;
				CLANG_WARN_DOCUMENTATION_COMMENTS = YES;
				CLANG_WARN_EMPTY_BODY = YES;
				CLANG_WARN_ENUM_CONVERSION = YES;
				CLANG_WARN_INFINITE_RECURSION = YES;
				CLANG_WARN_INT_CONVERSION = YES;
				CLANG_WARN_NON_LITERAL_NULL_CONVERSION = YES;
				CLANG_WARN_OBJC_IMPLICIT_RETAIN_SELF = YES;
				CLANG_WARN_OBJC_LITERAL_CONVERSION = YES;
				CLANG_WARN_OBJC_ROOT_CLASS = YES_ERROR;
				CLANG_WARN_QUOTED_INCLUDE_IN_FRAMEWORK_HEADER = YES;
				CLANG_WARN_RANGE_LOOP_ANALYSIS = YES;
				CLANG_WARN_STRICT_PROTOTYPES = YES;
				CLANG_WARN_SUSPICIOUS_MOVE = YES;
				CLANG_WARN_UNGUARDED_AVAILABILITY = YES_AGGRESSIVE;
				CLANG_WARN_UNREACHABLE_CODE = YES;
				CLANG_WARN__DUPLICATE_METHOD_MATCH = YES;
				COPY_PHASE_STRIP = NO;
				DEBUG_INFORMATION_FORMAT = dwarf;
				ENABLE_STRICT_OBJC_MSGSEND = YES;
				ENABLE_TESTABILITY = YES;
				GCC_C_LANGUAGE_STANDARD = gnu11;
				GCC_DYNAMIC_NO_PIC = NO;
				GCC_NO_COMMON_BLOCKS = YES;
				GCC_OPTIMIZATION_LEVEL = 0;
				GCC_PREPROCESSOR_DEFINITIONS = (
					"DEBUG=1",
					"$(inherited)",
				);
				GCC_WARN_64_TO_32_BIT_CONVERSION = YES;
				GCC_WARN_ABOUT_RETURN_TYPE = YES_ERROR;
				GCC_WARN_UNDECLARED_SELECTOR = YES;
				GCC_WARN_UNINITIALIZED_AUTOS = YES_AGGRESSIVE;
				GCC_WARN_UNUSED_FUNCTION = YES;
				GCC_WARN_UNUSED_VARIABLE = YES;
				IPHONEOS_DEPLOYMENT_TARGET = 16.4;
				MTL_ENABLE_DEBUG_INFO = INCLUDE_SOURCE;
				MTL_FAST_MATH = YES;
				ONLY_ACTIVE_ARCH = YES;
				SDKROOT = iphoneos;
				SWIFT_ACTIVE_COMPILATION_CONDITIONS = DEBUG;
				SWIFT_OPTIMIZATION_LEVEL = "-Onone";
			};
			name = Debug;
		};
		8283E6D52A8782FE00550B3E /* Release */ = {
			isa = XCBuildConfiguration;
			buildSettings = {
				ALWAYS_SEARCH_USER_PATHS = NO;
				CLANG_ANALYZER_NONNULL = YES;
				CLANG_ANALYZER_NUMBER_OBJECT_CONVERSION = YES_AGGRESSIVE;
				CLANG_CXX_LANGUAGE_STANDARD = "gnu++20";
				CLANG_ENABLE_MODULES = YES;
				CLANG_ENABLE_OBJC_ARC = YES;
				CLANG_ENABLE_OBJC_WEAK = YES;
				CLANG_WARN_BLOCK_CAPTURE_AUTORELEASING = YES;
				CLANG_WARN_BOOL_CONVERSION = YES;
				CLANG_WARN_COMMA = YES;
				CLANG_WARN_CONSTANT_CONVERSION = YES;
				CLANG_WARN_DEPRECATED_OBJC_IMPLEMENTATIONS = YES;
				CLANG_WARN_DIRECT_OBJC_ISA_USAGE = YES_ERROR;
				CLANG_WARN_DOCUMENTATION_COMMENTS = YES;
				CLANG_WARN_EMPTY_BODY = YES;
				CLANG_WARN_ENUM_CONVERSION = YES;
				CLANG_WARN_INFINITE_RECURSION = YES;
				CLANG_WARN_INT_CONVERSION = YES;
				CLANG_WARN_NON_LITERAL_NULL_CONVERSION = YES;
				CLANG_WARN_OBJC_IMPLICIT_RETAIN_SELF = YES;
				CLANG_WARN_OBJC_LITERAL_CONVERSION = YES;
				CLANG_WARN_OBJC_ROOT_CLASS = YES_ERROR;
				CLANG_WARN_QUOTED_INCLUDE_IN_FRAMEWORK_HEADER = YES;
				CLANG_WARN_RANGE_LOOP_ANALYSIS = YES;
				CLANG_WARN_STRICT_PROTOTYPES = YES;
				CLANG_WARN_SUSPICIOUS_MOVE = YES;
				CLANG_WARN_UNGUARDED_AVAILABILITY = YES_AGGRESSIVE;
				CLANG_WARN_UNREACHABLE_CODE = YES;
				CLANG_WARN__DUPLICATE_METHOD_MATCH = YES;
				COPY_PHASE_STRIP = NO;
				DEBUG_INFORMATION_FORMAT = "dwarf-with-dsym";
				ENABLE_NS_ASSERTIONS = NO;
				ENABLE_STRICT_OBJC_MSGSEND = YES;
				GCC_C_LANGUAGE_STANDARD = gnu11;
				GCC_NO_COMMON_BLOCKS = YES;
				GCC_WARN_64_TO_32_BIT_CONVERSION = YES;
				GCC_WARN_ABOUT_RETURN_TYPE = YES_ERROR;
				GCC_WARN_UNDECLARED_SELECTOR = YES;
				GCC_WARN_UNINITIALIZED_AUTOS = YES_AGGRESSIVE;
				GCC_WARN_UNUSED_FUNCTION = YES;
				GCC_WARN_UNUSED_VARIABLE = YES;
				IPHONEOS_DEPLOYMENT_TARGET = 16.4;
				MTL_ENABLE_DEBUG_INFO = NO;
				MTL_FAST_MATH = YES;
				SDKROOT = iphoneos;
				SWIFT_COMPILATION_MODE = wholemodule;
				SWIFT_OPTIMIZATION_LEVEL = "-O";
				VALIDATE_PRODUCT = YES;
			};
			name = Release;
		};
		8283E6D72A8782FE00550B3E /* Debug */ = {
			isa = XCBuildConfiguration;
			buildSettings = {
				ASSETCATALOG_COMPILER_APPICON_NAME = AppIcon;
				ASSETCATALOG_COMPILER_GLOBAL_ACCENT_COLOR_NAME = AccentColor;
				CODE_SIGN_STYLE = Automatic;
				CURRENT_PROJECT_VERSION = 1;
				DEVELOPMENT_ASSET_PATHS = "\"SnappFoodIntro/Preview Content\"";
				DEVELOPMENT_TEAM = 9SAUD8H4S8;
				ENABLE_PREVIEWS = YES;
				GENERATE_INFOPLIST_FILE = YES;
				INFOPLIST_KEY_UIApplicationSceneManifest_Generation = YES;
				INFOPLIST_KEY_UIApplicationSupportsIndirectInputEvents = YES;
				INFOPLIST_KEY_UILaunchScreen_Generation = YES;
				INFOPLIST_KEY_UISupportedInterfaceOrientations_iPad = "UIInterfaceOrientationPortrait UIInterfaceOrientationPortraitUpsideDown UIInterfaceOrientationLandscapeLeft UIInterfaceOrientationLandscapeRight";
				INFOPLIST_KEY_UISupportedInterfaceOrientations_iPhone = "UIInterfaceOrientationPortrait UIInterfaceOrientationLandscapeLeft UIInterfaceOrientationLandscapeRight";
				LD_RUNPATH_SEARCH_PATHS = (
					"$(inherited)",
					"@executable_path/Frameworks",
				);
				MARKETING_VERSION = 1.0;
				PRODUCT_BUNDLE_IDENTIFIER = com.androidchi.SnappFoodIntro;
				PRODUCT_NAME = "$(TARGET_NAME)";
				SWIFT_EMIT_LOC_STRINGS = YES;
				SWIFT_VERSION = 5.0;
				TARGETED_DEVICE_FAMILY = "1,2";
			};
			name = Debug;
		};
		8283E6D82A8782FE00550B3E /* Release */ = {
			isa = XCBuildConfiguration;
			buildSettings = {
				ASSETCATALOG_COMPILER_APPICON_NAME = AppIcon;
				ASSETCATALOG_COMPILER_GLOBAL_ACCENT_COLOR_NAME = AccentColor;
				CODE_SIGN_STYLE = Automatic;
				CURRENT_PROJECT_VERSION = 1;
				DEVELOPMENT_ASSET_PATHS = "\"SnappFoodIntro/Preview Content\"";
				DEVELOPMENT_TEAM = 9SAUD8H4S8;
				ENABLE_PREVIEWS = YES;
				GENERATE_INFOPLIST_FILE = YES;
				INFOPLIST_KEY_UIApplicationSceneManifest_Generation = YES;
				INFOPLIST_KEY_UIApplicationSupportsIndirectInputEvents = YES;
				INFOPLIST_KEY_UILaunchScreen_Generation = YES;
				INFOPLIST_KEY_UISupportedInterfaceOrientations_iPad = "UIInterfaceOrientationPortrait UIInterfaceOrientationPortraitUpsideDown UIInterfaceOrientationLandscapeLeft UIInterfaceOrientationLandscapeRight";
				INFOPLIST_KEY_UISupportedInterfaceOrientations_iPhone = "UIInterfaceOrientationPortrait UIInterfaceOrientationLandscapeLeft UIInterfaceOrientationLandscapeRight";
				LD_RUNPATH_SEARCH_PATHS = (
					"$(inherited)",
					"@executable_path/Frameworks",
				);
				MARKETING_VERSION = 1.0;
				PRODUCT_BUNDLE_IDENTIFIER = com.androidchi.SnappFoodIntro;
				PRODUCT_NAME = "$(TARGET_NAME)";
				SWIFT_EMIT_LOC_STRINGS = YES;
				SWIFT_VERSION = 5.0;
				TARGETED_DEVICE_FAMILY = "1,2";
			};
			name = Release;
		};
		8283E6DA2A8782FE00550B3E /* Debug */ = {
			isa = XCBuildConfiguration;
			buildSettings = {
				ALWAYS_EMBED_SWIFT_STANDARD_LIBRARIES = YES;
				BUNDLE_LOADER = "$(TEST_HOST)";
				CODE_SIGN_STYLE = Automatic;
				CURRENT_PROJECT_VERSION = 1;
				DEVELOPMENT_TEAM = 9SAUD8H4S8;
				GENERATE_INFOPLIST_FILE = YES;
				IPHONEOS_DEPLOYMENT_TARGET = 16.4;
				MARKETING_VERSION = 1.0;
				PRODUCT_BUNDLE_IDENTIFIER = com.androidchi.SnappFoodIntroTests;
				PRODUCT_NAME = "$(TARGET_NAME)";
				SWIFT_EMIT_LOC_STRINGS = NO;
				SWIFT_VERSION = 5.0;
				TARGETED_DEVICE_FAMILY = "1,2";
				TEST_HOST = "$(BUILT_PRODUCTS_DIR)/SnappFoodIntro.app/$(BUNDLE_EXECUTABLE_FOLDER_PATH)/SnappFoodIntro";
			};
			name = Debug;
		};
		8283E6DB2A8782FE00550B3E /* Release */ = {
			isa = XCBuildConfiguration;
			buildSettings = {
				ALWAYS_EMBED_SWIFT_STANDARD_LIBRARIES = YES;
				BUNDLE_LOADER = "$(TEST_HOST)";
				CODE_SIGN_STYLE = Automatic;
				CURRENT_PROJECT_VERSION = 1;
				DEVELOPMENT_TEAM = 9SAUD8H4S8;
				GENERATE_INFOPLIST_FILE = YES;
				IPHONEOS_DEPLOYMENT_TARGET = 16.4;
				MARKETING_VERSION = 1.0;
				PRODUCT_BUNDLE_IDENTIFIER = com.androidchi.SnappFoodIntroTests;
				PRODUCT_NAME = "$(TARGET_NAME)";
				SWIFT_EMIT_LOC_STRINGS = NO;
				SWIFT_VERSION = 5.0;
				TARGETED_DEVICE_FAMILY = "1,2";
				TEST_HOST = "$(BUILT_PRODUCTS_DIR)/SnappFoodIntro.app/$(BUNDLE_EXECUTABLE_FOLDER_PATH)/SnappFoodIntro";
			};
			name = Release;
		};
		8283E6DD2A8782FE00550B3E /* Debug */ = {
			isa = XCBuildConfiguration;
			buildSettings = {
				ALWAYS_EMBED_SWIFT_STANDARD_LIBRARIES = YES;
				CODE_SIGN_STYLE = Automatic;
				CURRENT_PROJECT_VERSION = 1;
				DEVELOPMENT_TEAM = 9SAUD8H4S8;
				GENERATE_INFOPLIST_FILE = YES;
				MARKETING_VERSION = 1.0;
				PRODUCT_BUNDLE_IDENTIFIER = com.androidchi.SnappFoodIntroUITests;
				PRODUCT_NAME = "$(TARGET_NAME)";
				SWIFT_EMIT_LOC_STRINGS = NO;
				SWIFT_VERSION = 5.0;
				TARGETED_DEVICE_FAMILY = "1,2";
				TEST_TARGET_NAME = SnappFoodIntro;
			};
			name = Debug;
		};
		8283E6DE2A8782FE00550B3E /* Release */ = {
			isa = XCBuildConfiguration;
			buildSettings = {
				ALWAYS_EMBED_SWIFT_STANDARD_LIBRARIES = YES;
				CODE_SIGN_STYLE = Automatic;
				CURRENT_PROJECT_VERSION = 1;
				DEVELOPMENT_TEAM = 9SAUD8H4S8;
				GENERATE_INFOPLIST_FILE = YES;
				MARKETING_VERSION = 1.0;
				PRODUCT_BUNDLE_IDENTIFIER = com.androidchi.SnappFoodIntroUITests;
				PRODUCT_NAME = "$(TARGET_NAME)";
				SWIFT_EMIT_LOC_STRINGS = NO;
				SWIFT_VERSION = 5.0;
				TARGETED_DEVICE_FAMILY = "1,2";
				TEST_TARGET_NAME = SnappFoodIntro;
			};
			name = Release;
		};
/* End XCBuildConfiguration section */

/* Begin XCConfigurationList section */
		8283E6AD2A8782F800550B3E /* Build configuration list for PBXProject "SnappFoodIntro" */ = {
			isa = XCConfigurationList;
			buildConfigurations = (
				8283E6D42A8782FE00550B3E /* Debug */,
				8283E6D52A8782FE00550B3E /* Release */,
			);
			defaultConfigurationIsVisible = 0;
			defaultConfigurationName = Release;
		};
		8283E6D62A8782FE00550B3E /* Build configuration list for PBXNativeTarget "SnappFoodIntro" */ = {
			isa = XCConfigurationList;
			buildConfigurations = (
				8283E6D72A8782FE00550B3E /* Debug */,
				8283E6D82A8782FE00550B3E /* Release */,
			);
			defaultConfigurationIsVisible = 0;
			defaultConfigurationName = Release;
		};
		8283E6D92A8782FE00550B3E /* Build configuration list for PBXNativeTarget "SnappFoodIntroTests" */ = {
			isa = XCConfigurationList;
			buildConfigurations = (
				8283E6DA2A8782FE00550B3E /* Debug */,
				8283E6DB2A8782FE00550B3E /* Release */,
			);
			defaultConfigurationIsVisible = 0;
			defaultConfigurationName = Release;
		};
		8283E6DC2A8782FE00550B3E /* Build configuration list for PBXNativeTarget "SnappFoodIntroUITests" */ = {
			isa = XCConfigurationList;
			buildConfigurations = (
				8283E6DD2A8782FE00550B3E /* Debug */,
				8283E6DE2A8782FE00550B3E /* Release */,
			);
			defaultConfigurationIsVisible = 0;
			defaultConfigurationName = Release;
		};
/* End XCConfigurationList section */
	};
	rootObject = 8283E6AA2A8782F800550B3E /* Project object */;
}
